
Microsoft Visual Studio Solution File, Format Version 12.00
# Visual Studio Version 17
VisualStudioVersion = 17.2.32408.312
MinimumVisualStudioVersion = 10.0.40219.1
Project("{2150E333-8FDC-42A3-9474-1A3956D46DE8}") = "src", "src", "{827E0CD3-B72D-47B6-A68D-7590B98EB39B}"
EndProject
Project("{FAE04EC0-301F-11D3-BF4B-00C04F79EFBC}") = "YtDlpGui.Core", "src\YtDlpGui.Core\YtDlpGui.Core.csproj", "{D04C6A3B-8B80-4372-9937-97A40D915716}"
EndProject
Project("{FAE04EC0-301F-11D3-BF4B-00C04F79EFBC}") = "YtDlpGui.Services", "src\YtDlpGui.Services\YtDlpGui.Services.csproj", "{C30D4C4D-165A-4709-944E-C3DEE10FCC68}"
EndProject
Project("{FAE04EC0-301F-11D3-BF4B-00C04F79EFBC}") = "YtDlpGui.ViewModels", "src\YtDlpGui.ViewModels\YtDlpGui.ViewModels.csproj", "{D5306D99-BA26-406E-9761-B77662F16010}"
EndProject
Project("{FAE04EC0-301F-11D3-BF4B-00C04F79EFBC}") = "YtDlpGui.WPF", "src\YtDlpGui.WPF\YtDlpGui.WPF.csproj", "{B529FFD1-BBA8-472D-A6F6-F035786361B9}"
EndProject
Global
	GlobalSection(SolutionConfigurationPlatforms) = preSolution
		Debug|Any CPU = Debug|Any CPU
		Debug|x64 = Debug|x64
		Debug|x86 = Debug|x86
		Release|Any CPU = Release|Any CPU
		Release|x64 = Release|x64
		Release|x86 = Release|x86
	EndGlobalSection
	GlobalSection(ProjectConfigurationPlatforms) = postSolution
		{D04C6A3B-8B80-4372-9937-97A40D915716}.Debug|Any CPU.ActiveCfg = Debug|Any CPU
		{D04C6A3B-8B80-4372-9937-97A40D915716}.Debug|Any CPU.Build.0 = Debug|Any CPU
		{D04C6A3B-8B80-4372-9937-97A40D915716}.Debug|x64.ActiveCfg = Debug|Any CPU
		{D04C6A3B-8B80-4372-9937-97A40D915716}.Debug|x64.Build.0 = Debug|Any CPU
		{D04C6A3B-8B80-4372-9937-97A40D915716}.Debug|x86.ActiveCfg = Debug|Any CPU
		{D04C6A3B-8B80-4372-9937-97A40D915716}.Debug|x86.Build.0 = Debug|Any CPU
		{D04C6A3B-8B80-4372-9937-97A40D915716}.Release|Any CPU.ActiveCfg = Release|Any CPU
		{D04C6A3B-8B80-4372-9937-97A40D915716}.Release|Any CPU.Build.0 = Release|Any CPU
		{D04C6A3B-8B80-4372-9937-97A40D915716}.Release|x64.ActiveCfg = Release|Any CPU
		{D04C6A3B-8B80-4372-9937-97A40D915716}.Release|x64.Build.0 = Release|Any CPU
		{D04C6A3B-8B80-4372-9937-97A40D915716}.Release|x86.ActiveCfg = Release|Any CPU
		{D04C6A3B-8B80-4372-9937-97A40D915716}.Release|x86.Build.0 = Release|Any CPU
		{C30D4C4D-165A-4709-944E-C3DEE10FCC68}.Debug|Any CPU.ActiveCfg = Debug|Any CPU
		{C30D4C4D-165A-4709-944E-C3DEE10FCC68}.Debug|Any CPU.Build.0 = Debug|Any CPU
		{C30D4C4D-165A-4709-944E-C3DEE10FCC68}.Debug|x64.ActiveCfg = Debug|Any CPU
		{C30D4C4D-165A-4709-944E-C3DEE10FCC68}.Debug|x64.Build.0 = Debug|Any CPU
		{C30D4C4D-165A-4709-944E-C3DEE10FCC68}.Debug|x86.ActiveCfg = Debug|Any CPU
		{C30D4C4D-165A-4709-944E-C3DEE10FCC68}.Debug|x86.Build.0 = Debug|Any CPU
		{C30D4C4D-165A-4709-944E-C3DEE10FCC68}.Release|Any CPU.ActiveCfg = Release|Any CPU
		{C30D4C4D-165A-4709-944E-C3DEE10FCC68}.Release|Any CPU.Build.0 = Release|Any CPU
		{C30D4C4D-165A-4709-944E-C3DEE10FCC68}.Release|x64.ActiveCfg = Release|Any CPU
		{C30D4C4D-165A-4709-944E-C3DEE10FCC68}.Release|x64.Build.0 = Release|Any CPU
		{C30D4C4D-165A-4709-944E-C3DEE10FCC68}.Release|x86.ActiveCfg = Release|Any CPU
		{C30D4C4D-165A-4709-944E-C3DEE10FCC68}.Release|x86.Build.0 = Release|Any CPU
		{D5306D99-BA26-406E-9761-B77662F16010}.Debug|Any CPU.ActiveCfg = Debug|Any CPU
		{D5306D99-BA26-406E-9761-B77662F16010}.Debug|Any CPU.Build.0 = Debug|Any CPU
		{D5306D99-BA26-406E-9761-B77662F16010}.Debug|x64.ActiveCfg = Debug|Any CPU
		{D5306D99-BA26-406E-9761-B77662F16010}.Debug|x64.Build.0 = Debug|Any CPU
		{D5306D99-BA26-406E-9761-B77662F16010}.Debug|x86.ActiveCfg = Debug|Any CPU
		{D5306D99-BA26-406E-9761-B77662F16010}.Debug|x86.Build.0 = Debug|Any CPU
		{D5306D99-BA26-406E-9761-B77662F16010}.Release|Any CPU.ActiveCfg = Release|Any CPU
		{D5306D99-BA26-406E-9761-B77662F16010}.Release|Any CPU.Build.0 = Release|Any CPU
		{D5306D99-BA26-406E-9761-B77662F16010}.Release|x64.ActiveCfg = Release|Any CPU
		{D5306D99-BA26-406E-9761-B77662F16010}.Release|x64.Build.0 = Release|Any CPU
		{D5306D99-BA26-406E-9761-B77662F16010}.Release|x86.ActiveCfg = Release|Any CPU
		{D5306D99-BA26-406E-9761-B77662F16010}.Release|x86.Build.0 = Release|Any CPU
		{B529FFD1-BBA8-472D-A6F6-F035786361B9}.Debug|Any CPU.ActiveCfg = Debug|Any CPU
		{B529FFD1-BBA8-472D-A6F6-F035786361B9}.Debug|Any CPU.Build.0 = Debug|Any CPU
		{B529FFD1-BBA8-472D-A6F6-F035786361B9}.Debug|x64.ActiveCfg = Debug|Any CPU
		{B529FFD1-BBA8-472D-A6F6-F035786361B9}.Debug|x64.Build.0 = Debug|Any CPU
		{B529FFD1-BBA8-472D-A6F6-F035786361B9}.Debug|x86.ActiveCfg = Debug|Any CPU
		{B529FFD1-BBA8-472D-A6F6-F035786361B9}.Debug|x86.Build.0 = Debug|Any CPU
		{B529FFD1-BBA8-472D-A6F6-F035786361B9}.Release|Any CPU.ActiveCfg = Release|Any CPU
		{B529FFD1-BBA8-472D-A6F6-F035786361B9}.Release|Any CPU.Build.0 = Release|Any CPU
		{B529FFD1-BBA8-472D-A6F6-F035786361B9}.Release|x64.ActiveCfg = Release|Any CPU
		{B529FFD1-BBA8-472D-A6F6-F035786361B9}.Release|x64.Build.0 = Release|Any CPU
		{B529FFD1-BBA8-472D-A6F6-F035786361B9}.Release|x86.ActiveCfg = Release|Any CPU
		{B529FFD1-BBA8-472D-A6F6-F035786361B9}.Release|x86.Build.0 = Release|Any CPU
	EndGlobalSection
	GlobalSection(SolutionProperties) = preSolution
		HideSolutionNode = FALSE
	EndGlobalSection
	GlobalSection(NestedProjects) = preSolution
		{D04C6A3B-8B80-4372-9937-97A40D915716} = {827E0CD3-B72D-47B6-A68D-7590B98EB39B}
		{C30D4C4D-165A-4709-944E-C3DEE10FCC68} = {827E0CD3-B72D-47B6-A68D-7590B98EB39B}
		{D5306D99-BA26-406E-9761-B77662F16010} = {827E0CD3-B72D-47B6-A68D-7590B98EB39B}
		{B529FFD1-BBA8-472D-A6F6-F035786361B9} = {827E0CD3-B72D-47B6-A68D-7590B98EB39B}
	EndGlobalSection
	GlobalSection(ExtensibilityGlobals) = postSolution
		SolutionGuid = {9590D761-AD8D-44AF-AEE0-83F111766EAA}
	EndGlobalSection
EndGlobal
